# This file is automatically @generated by Cargo.
# It is not intended for manual editing.
version = 4

[[package]]
name = "dc-baselines"
version = "0.1.0"

[[package]]
name = "dc-bench"
version = "0.1.0"

[[package]]
name = "dc-cbor"
version = "0.1.0"

[[package]]
name = "dc-chain"
version = "0.1.0"

[[package]]
name = "dc-crypto"
version = "0.1.0"

[[package]]
name = "dc-policy"
version = "0.1.0"

[[package]]
name = "dc-registry"
version = "0.1.0"

[[package]]
name = "dc-types"
version = "0.1.0"

[[package]]
name = "dc-verifier"
version = "0.1.0"

[[package]]
name = "delegationchain"
version = "0.1.0"
